{
  "object": {
    "pins": [
      {
        "package": "LoftTest_CheckXCAssertionFailure",
        "repositoryURL": "https://github.com/loftware/CheckXCAssertionFailure",
        "state": {
          "branch": null,
          "revision": "1e92d9c40059a3ea50e30da05ec83cec54d9b7ab",
          "version": "0.9.6"
        }
      },
      {
        "package": "LoftTest_StandardLibraryProtocolChecks",
        "repositoryURL": "https://github.com/loftware/StandardLibraryProtocolChecks",
        "state": {
          "branch": null,
          "revision": "2de7cf5a9bf0411a01b79db6a668848c25d58686",
          "version": "0.1.2"
        }
      }
    ]
  },
  "version": 1
}
